
Microsoft Visual Studio Solution File, Format Version 12.00
# Visual Studio Version 17
VisualStudioVersion = 17.5.002.0
MinimumVisualStudioVersion = 10.0.40219.1
Project("{9A19103F-16F7-4668-BE54-9A1E7A4F7556}") = "SimpleApi", "SimpleApi\SimpleApi.csproj", "{43E036C0-1DDA-4415-A049-01D52FC893F2}"
EndProject
Global
	GlobalSection(SolutionConfigurationPlatforms) = preSolution
		Debug|Any CPU = Debug|Any CPU
		Release|Any CPU = Release|Any CPU
	EndGlobalSection
	GlobalSection(ProjectConfigurationPlatforms) = postSolution
		{43E036C0-1DDA-4415-A049-01D52FC893F2}.Debug|Any CPU.ActiveCfg = Debug|Any CPU
		{43E036C0-1DDA-4415-A049-01D52FC893F2}.Debug|Any CPU.Build.0 = Debug|Any CPU
		{43E036C0-1DDA-4415-A049-01D52FC893F2}.Release|Any CPU.ActiveCfg = Release|Any CPU
		{43E036C0-1DDA-4415-A049-01D52FC893F2}.Release|Any CPU.Build.0 = Release|Any CPU
	EndGlobalSection
	GlobalSection(SolutionProperties) = preSolution
		HideSolutionNode = FALSE
	EndGlobalSection
	GlobalSection(ExtensibilityGlobals) = postSolution
		SolutionGuid = {7E1724B2-6689-485D-A4F2-8806DD3A637C}
	EndGlobalSection
EndGlobal
